
Microsoft Visual Studio Solution File, Format Version 12.00
# Visual Studio Version 16
VisualStudioVersion = 16.0.31112.23
MinimumVisualStudioVersion = 10.0.40219.1
Project("{FAE04EC0-301F-11D3-BF4B-00C04F79EFBC}") = "SkillAlleyNetCoreSQLStarter", "SkillAlleyNetCoreSQLStarter\SkillAlleyNetCoreSQLStarter.csproj", "{D11543F6-88BD-4AA2-AD66-9D9298CBE428}"
EndProject
Global
	GlobalSection(SolutionConfigurationPlatforms) = preSolution
		Debug|Any CPU = Debug|Any CPU
		Release|Any CPU = Release|Any CPU
	EndGlobalSection
	GlobalSection(ProjectConfigurationPlatforms) = postSolution
		{D11543F6-88BD-4AA2-AD66-9D9298CBE428}.Debug|Any CPU.ActiveCfg = Debug|Any CPU
		{D11543F6-88BD-4AA2-AD66-9D9298CBE428}.Debug|Any CPU.Build.0 = Debug|Any CPU
		{D11543F6-88BD-4AA2-AD66-9D9298CBE428}.Release|Any CPU.ActiveCfg = Release|Any CPU
		{D11543F6-88BD-4AA2-AD66-9D9298CBE428}.Release|Any CPU.Build.0 = Release|Any CPU
	EndGlobalSection
	GlobalSection(SolutionProperties) = preSolution
		HideSolutionNode = FALSE
	EndGlobalSection
	GlobalSection(ExtensibilityGlobals) = postSolution
		SolutionGuid = {38B62B30-9398-4FF3-B99D-C06CAEBF4F0A}
	EndGlobalSection
EndGlobal
